
Microsoft Visual Studio Solution File, Format Version 12.00
# Visual Studio Version 17
VisualStudioVersion = 17.3.32929.385
MinimumVisualStudioVersion = 10.0.40219.1
Project("{FAE04EC0-301F-11D3-BF4B-00C04F79EFBC}") = "OddEvenDigits", "OddEvenDigits\OddEvenDigits.csproj", "{6A07A895-ECD7-4A57-B85F-39A0689B3129}"
EndProject
Project("{FAE04EC0-301F-11D3-BF4B-00C04F79EFBC}") = "9DGradesInput", "9DGradesInput\9DGradesInput.csproj", "{EB8EDE07-7F3B-43EB-96F9-393463DED723}"
EndProject
Project("{FAE04EC0-301F-11D3-BF4B-00C04F79EFBC}") = "GradesInputUpgrade", "GradesInputUpgrade\GradesInputUpgrade.csproj", "{12454FAD-1C49-4022-AA66-DBDC72415AAA}"
EndProject
Global
	GlobalSection(SolutionConfigurationPlatforms) = preSolution
		Debug|Any CPU = Debug|Any CPU
		Release|Any CPU = Release|Any CPU
	EndGlobalSection
	GlobalSection(ProjectConfigurationPlatforms) = postSolution
		{6A07A895-ECD7-4A57-B85F-39A0689B3129}.Debug|Any CPU.ActiveCfg = Debug|Any CPU
		{6A07A895-ECD7-4A57-B85F-39A0689B3129}.Debug|Any CPU.Build.0 = Debug|Any CPU
		{6A07A895-ECD7-4A57-B85F-39A0689B3129}.Release|Any CPU.ActiveCfg = Release|Any CPU
		{6A07A895-ECD7-4A57-B85F-39A0689B3129}.Release|Any CPU.Build.0 = Release|Any CPU
		{EB8EDE07-7F3B-43EB-96F9-393463DED723}.Debug|Any CPU.ActiveCfg = Debug|Any CPU
		{EB8EDE07-7F3B-43EB-96F9-393463DED723}.Debug|Any CPU.Build.0 = Debug|Any CPU
		{EB8EDE07-7F3B-43EB-96F9-393463DED723}.Release|Any CPU.ActiveCfg = Release|Any CPU
		{EB8EDE07-7F3B-43EB-96F9-393463DED723}.Release|Any CPU.Build.0 = Release|Any CPU
		{12454FAD-1C49-4022-AA66-DBDC72415AAA}.Debug|Any CPU.ActiveCfg = Debug|Any CPU
		{12454FAD-1C49-4022-AA66-DBDC72415AAA}.Debug|Any CPU.Build.0 = Debug|Any CPU
		{12454FAD-1C49-4022-AA66-DBDC72415AAA}.Release|Any CPU.ActiveCfg = Release|Any CPU
		{12454FAD-1C49-4022-AA66-DBDC72415AAA}.Release|Any CPU.Build.0 = Release|Any CPU
	EndGlobalSection
	GlobalSection(SolutionProperties) = preSolution
		HideSolutionNode = FALSE
	EndGlobalSection
	GlobalSection(ExtensibilityGlobals) = postSolution
		SolutionGuid = {99D600C7-8CB2-464B-A18B-50078C568C66}
	EndGlobalSection
EndGlobal
